
Microsoft Visual Studio Solution File, Format Version 12.00
# Visual Studio Version 16
VisualStudioVersion = 16.0.31205.134
MinimumVisualStudioVersion = 10.0.40219.1
Project("{FAE04EC0-301F-11D3-BF4B-00C04F79EFBC}") = "Webservice", "Webservice\Webservice.csproj", "{B45A9787-4002-4D7E-8D89-F4DD9218CD11}"
	ProjectSection(ProjectDependencies) = postProject
		{31B6C00B-95AC-45E6-81C1-16BBF70DD86A} = {31B6C00B-95AC-45E6-81C1-16BBF70DD86A}
		{8C1287A2-BD66-491D-B4A0-91C7CD97ECD1} = {8C1287A2-BD66-491D-B4A0-91C7CD97ECD1}
	EndProjectSection
EndProject
Project("{FAE04EC0-301F-11D3-BF4B-00C04F79EFBC}") = "DatabaseLibrary", "DatabaseLibrary\DatabaseLibrary.csproj", "{8C1287A2-BD66-491D-B4A0-91C7CD97ECD1}"
EndProject
Project("{FAE04EC0-301F-11D3-BF4B-00C04F79EFBC}") = "BusinessLibrary", "BusinessLibrary\BusinessLibrary.csproj", "{31B6C00B-95AC-45E6-81C1-16BBF70DD86A}"
EndProject
Global
	GlobalSection(SolutionConfigurationPlatforms) = preSolution
		Debug|Any CPU = Debug|Any CPU
		Release|Any CPU = Release|Any CPU
	EndGlobalSection
	GlobalSection(ProjectConfigurationPlatforms) = postSolution
		{B45A9787-4002-4D7E-8D89-F4DD9218CD11}.Debug|Any CPU.ActiveCfg = Debug|Any CPU
		{B45A9787-4002-4D7E-8D89-F4DD9218CD11}.Debug|Any CPU.Build.0 = Debug|Any CPU
		{B45A9787-4002-4D7E-8D89-F4DD9218CD11}.Release|Any CPU.ActiveCfg = Release|Any CPU
		{B45A9787-4002-4D7E-8D89-F4DD9218CD11}.Release|Any CPU.Build.0 = Release|Any CPU
		{8C1287A2-BD66-491D-B4A0-91C7CD97ECD1}.Debug|Any CPU.ActiveCfg = Debug|Any CPU
		{8C1287A2-BD66-491D-B4A0-91C7CD97ECD1}.Debug|Any CPU.Build.0 = Debug|Any CPU
		{8C1287A2-BD66-491D-B4A0-91C7CD97ECD1}.Release|Any CPU.ActiveCfg = Release|Any CPU
		{8C1287A2-BD66-491D-B4A0-91C7CD97ECD1}.Release|Any CPU.Build.0 = Release|Any CPU
		{31B6C00B-95AC-45E6-81C1-16BBF70DD86A}.Debug|Any CPU.ActiveCfg = Debug|Any CPU
		{31B6C00B-95AC-45E6-81C1-16BBF70DD86A}.Debug|Any CPU.Build.0 = Debug|Any CPU
		{31B6C00B-95AC-45E6-81C1-16BBF70DD86A}.Release|Any CPU.ActiveCfg = Release|Any CPU
		{31B6C00B-95AC-45E6-81C1-16BBF70DD86A}.Release|Any CPU.Build.0 = Release|Any CPU
	EndGlobalSection
	GlobalSection(SolutionProperties) = preSolution
		HideSolutionNode = FALSE
	EndGlobalSection
	GlobalSection(ExtensibilityGlobals) = postSolution
		SolutionGuid = {3448F099-EDB0-4A6A-8D7D-9A0E33C3D311}
	EndGlobalSection
EndGlobal
